
Microsoft Visual Studio Solution File, Format Version 12.00
# Visual Studio Version 17
VisualStudioVersion = 17.0.32112.339
MinimumVisualStudioVersion = 10.0.40219.1
Project("{FAE04EC0-301F-11D3-BF4B-00C04F79EFBC}") = "Success History", "Success History\Success History.csproj", "{3A6E5209-0614-417F-ACFA-7787DA566320}"
EndProject
Global
	GlobalSection(SolutionConfigurationPlatforms) = preSolution
		Debug|Any CPU = Debug|Any CPU
		Release|Any CPU = Release|Any CPU
	EndGlobalSection
	GlobalSection(ProjectConfigurationPlatforms) = postSolution
		{3A6E5209-0614-417F-ACFA-7787DA566320}.Debug|Any CPU.ActiveCfg = Debug|Any CPU
		{3A6E5209-0614-417F-ACFA-7787DA566320}.Debug|Any CPU.Build.0 = Debug|Any CPU
		{3A6E5209-0614-417F-ACFA-7787DA566320}.Release|Any CPU.ActiveCfg = Release|Any CPU
		{3A6E5209-0614-417F-ACFA-7787DA566320}.Release|Any CPU.Build.0 = Release|Any CPU
	EndGlobalSection
	GlobalSection(SolutionProperties) = preSolution
		HideSolutionNode = FALSE
	EndGlobalSection
	GlobalSection(ExtensibilityGlobals) = postSolution
		SolutionGuid = {0129D325-B1DB-45B4-B25A-51295478B499}
	EndGlobalSection
EndGlobal
